// !$*UTF8*$!
{
	archiveVersion = 1;
	classes = {
	};
	objectVersion = 56;
	objects = {

/* Begin PBXBuildFile section */
		051792DA2D3547820080AC2E /* KeychainManager.swift in Sources */ = {isa = PBXBuildFile; fileRef = 051792D92D3547820080AC2E /* KeychainManager.swift */; };
		051792DC2D354A7B0080AC2E /* ConstKeychain.swift in Sources */ = {isa = PBXBuildFile; fileRef = 051792DB2D354A7B0080AC2E /* ConstKeychain.swift */; };
		051792DF2D354B6A0080AC2E /* RootViewController.swift in Sources */ = {isa = PBXBuildFile; fileRef = 051792DE2D354B6A0080AC2E /* RootViewController.swift */; };
		051792E22D3556D20080AC2E /* RVCAddNewLinkView.swift in Sources */ = {isa = PBXBuildFile; fileRef = 051792E12D3556D20080AC2E /* RVCAddNewLinkView.swift */; };
		051792E42D3559070080AC2E /* RVCNewUrlInputView.swift in Sources */ = {isa = PBXBuildFile; fileRef = 051792E32D3559070080AC2E /* RVCNewUrlInputView.swift */; };
		051792E92D360CA60080AC2E /* PaddedTextField.swift in Sources */ = {isa = PBXBuildFile; fileRef = 051792E82D360CA60080AC2E /* PaddedTextField.swift */; };
		054586AB2D38BA50008E15C3 /* RVCBottomViewController.swift in Sources */ = {isa = PBXBuildFile; fileRef = 054586AA2D38BA50008E15C3 /* RVCBottomViewController.swift */; };
		054586AD2D394075008E15C3 /* RVCMonitorButton.swift in Sources */ = {isa = PBXBuildFile; fileRef = 054586AC2D394075008E15C3 /* RVCMonitorButton.swift */; };
		054C8E632D369F9200D120C9 /* RootViewControllerManager.swift in Sources */ = {isa = PBXBuildFile; fileRef = 054C8E622D369F9200D120C9 /* RootViewControllerManager.swift */; };
		054C8E652D36A32400D120C9 /* EmptyResponseData.swift in Sources */ = {isa = PBXBuildFile; fileRef = 054C8E642D36A32400D120C9 /* EmptyResponseData.swift */; };
		054C8E672D36AB9F00D120C9 /* BannerView.swift in Sources */ = {isa = PBXBuildFile; fileRef = 054C8E662D36AB9F00D120C9 /* BannerView.swift */; };
		054C8E692D36B0D800D120C9 /* UIViewController+Extension.swift in Sources */ = {isa = PBXBuildFile; fileRef = 054C8E682D36B0D800D120C9 /* UIViewController+Extension.swift */; };
		054C8E6B2D375B7300D120C9 /* RVCLinkCell.swift in Sources */ = {isa = PBXBuildFile; fileRef = 054C8E6A2D375B7300D120C9 /* RVCLinkCell.swift */; };
		054C8E6F2D37616B00D120C9 /* RVCLCStatusCodeView.swift in Sources */ = {isa = PBXBuildFile; fileRef = 054C8E6E2D37616B00D120C9 /* RVCLCStatusCodeView.swift */; };
		054C8E712D37682100D120C9 /* UIColor+Extension.swift in Sources */ = {isa = PBXBuildFile; fileRef = 054C8E702D37682100D120C9 /* UIColor+Extension.swift */; };
		055EE49F2D39F4D10033D242 /* MonitorStatusResponseData.swift in Sources */ = {isa = PBXBuildFile; fileRef = 055EE49E2D39F4D10033D242 /* MonitorStatusResponseData.swift */; };
		055EE4A12D3A06540033D242 /* RVCInfoButtonView.swift in Sources */ = {isa = PBXBuildFile; fileRef = 055EE4A02D3A06540033D242 /* RVCInfoButtonView.swift */; };
		055EE4A32D3A09260033D242 /* RVCDetailInfoViewController.swift in Sources */ = {isa = PBXBuildFile; fileRef = 055EE4A22D3A09260033D242 /* RVCDetailInfoViewController.swift */; };
		055EE4A52D3A88730033D242 /* LeadingIconLabelView.swift in Sources */ = {isa = PBXBuildFile; fileRef = 055EE4A42D3A88730033D242 /* LeadingIconLabelView.swift */; };
		05BA093C2D37EC120096F4FE /* RVCLCLinkView.swift in Sources */ = {isa = PBXBuildFile; fileRef = 05BA093B2D37EC120096F4FE /* RVCLCLinkView.swift */; };
		05BA093E2D37F1820096F4FE /* RVCLCStatusLabelView.swift in Sources */ = {isa = PBXBuildFile; fileRef = 05BA093D2D37F1820096F4FE /* RVCLCStatusLabelView.swift */; };
		05BA09412D37F5400096F4FE /* DateFormatterManager.swift in Sources */ = {isa = PBXBuildFile; fileRef = 05BA09402D37F5400096F4FE /* DateFormatterManager.swift */; };
		05E5DACA2D30C7B00037F9A8 /* AppDelegate.swift in Sources */ = {isa = PBXBuildFile; fileRef = 05E5DAC92D30C7B00037F9A8 /* AppDelegate.swift */; };
		05E5DACC2D30C7B00037F9A8 /* SceneDelegate.swift in Sources */ = {isa = PBXBuildFile; fileRef = 05E5DACB2D30C7B00037F9A8 /* SceneDelegate.swift */; };
		05E5DAD32D30C7B10037F9A8 /* Assets.xcassets in Resources */ = {isa = PBXBuildFile; fileRef = 05E5DAD22D30C7B10037F9A8 /* Assets.xcassets */; };
		05E5DAE02D30CBE50037F9A8 /* LoginViewController.swift in Sources */ = {isa = PBXBuildFile; fileRef = 05E5DADF2D30CBE50037F9A8 /* LoginViewController.swift */; };
		05E5DAE52D30D28F0037F9A8 /* ConstUrls.swift in Sources */ = {isa = PBXBuildFile; fileRef = 05E5DAE42D30D28F0037F9A8 /* ConstUrls.swift */; };
		05E5DAE82D3148720037F9A8 /* APIManager.swift in Sources */ = {isa = PBXBuildFile; fileRef = 05E5DAE72D3148720037F9A8 /* APIManager.swift */; };
		05E5DAEB2D314CBF0037F9A8 /* LoginResponseData.swift in Sources */ = {isa = PBXBuildFile; fileRef = 05E5DAEA2D314CBF0037F9A8 /* LoginResponseData.swift */; };
		05E5DAED2D314E670037F9A8 /* APIResponseData.swift in Sources */ = {isa = PBXBuildFile; fileRef = 05E5DAEC2D314E670037F9A8 /* APIResponseData.swift */; };
		05E5DAF02D3151B40037F9A8 /* LoginInputView.swift in Sources */ = {isa = PBXBuildFile; fileRef = 05E5DAEF2D3151B40037F9A8 /* LoginInputView.swift */; };
		05E5DAF22D3159580037F9A8 /* LoginManager.swift in Sources */ = {isa = PBXBuildFile; fileRef = 05E5DAF12D3159580037F9A8 /* LoginManager.swift */; };
		05E5DAF62D3406310037F9A8 /* TokenResponseData.swift in Sources */ = {isa = PBXBuildFile; fileRef = 05E5DAF52D3406310037F9A8 /* TokenResponseData.swift */; };
		05E5DAF82D340BE80037F9A8 /* MonitorUrlsResponseData.swift in Sources */ = {isa = PBXBuildFile; fileRef = 05E5DAF72D340BE80037F9A8 /* MonitorUrlsResponseData.swift */; };
		05E5DAFA2D349B960037F9A8 /* APIManager+Token.swift in Sources */ = {isa = PBXBuildFile; fileRef = 05E5DAF92D349B960037F9A8 /* APIManager+Token.swift */; };
		05E5DAFD2D34B00E0037F9A8 /* String+Extension.swift in Sources */ = {isa = PBXBuildFile; fileRef = 05E5DAFC2D34B00E0037F9A8 /* String+Extension.swift */; };
/* End PBXBuildFile section */

/* Begin PBXFileReference section */
		051792D92D3547820080AC2E /* KeychainManager.swift */ = {isa = PBXFileReference; lastKnownFileType = sourcecode.swift; path = KeychainManager.swift; sourceTree = "<group>"; };
		051792DB2D354A7B0080AC2E /* ConstKeychain.swift */ = {isa = PBXFileReference; lastKnownFileType = sourcecode.swift; path = ConstKeychain.swift; sourceTree = "<group>"; };
		051792DE2D354B6A0080AC2E /* RootViewController.swift */ = {isa = PBXFileReference; lastKnownFileType = sourcecode.swift; path = RootViewController.swift; sourceTree = "<group>"; };
		051792E12D3556D20080AC2E /* RVCAddNewLinkView.swift */ = {isa = PBXFileReference; lastKnownFileType = sourcecode.swift; path = RVCAddNewLinkView.swift; sourceTree = "<group>"; };
		051792E32D3559070080AC2E /* RVCNewUrlInputView.swift */ = {isa = PBXFileReference; lastKnownFileType = sourcecode.swift; path = RVCNewUrlInputView.swift; sourceTree = "<group>"; };
		051792E82D360CA60080AC2E /* PaddedTextField.swift */ = {isa = PBXFileReference; lastKnownFileType = sourcecode.swift; path = PaddedTextField.swift; sourceTree = "<group>"; };
		054586AA2D38BA50008E15C3 /* RVCBottomViewController.swift */ = {isa = PBXFileReference; lastKnownFileType = sourcecode.swift; path = RVCBottomViewController.swift; sourceTree = "<group>"; };
		054586AC2D394075008E15C3 /* RVCMonitorButton.swift */ = {isa = PBXFileReference; lastKnownFileType = sourcecode.swift; path = RVCMonitorButton.swift; sourceTree = "<group>"; };
		054C8E622D369F9200D120C9 /* RootViewControllerManager.swift */ = {isa = PBXFileReference; lastKnownFileType = sourcecode.swift; path = RootViewControllerManager.swift; sourceTree = "<group>"; };
		054C8E642D36A32400D120C9 /* EmptyResponseData.swift */ = {isa = PBXFileReference; lastKnownFileType = sourcecode.swift; path = EmptyResponseData.swift; sourceTree = "<group>"; };
		054C8E662D36AB9F00D120C9 /* BannerView.swift */ = {isa = PBXFileReference; lastKnownFileType = sourcecode.swift; path = BannerView.swift; sourceTree = "<group>"; };
		054C8E682D36B0D800D120C9 /* UIViewController+Extension.swift */ = {isa = PBXFileReference; lastKnownFileType = sourcecode.swift; path = "UIViewController+Extension.swift"; sourceTree = "<group>"; };
		054C8E6A2D375B7300D120C9 /* RVCLinkCell.swift */ = {isa = PBXFileReference; lastKnownFileType = sourcecode.swift; path = RVCLinkCell.swift; sourceTree = "<group>"; };
		054C8E6E2D37616B00D120C9 /* RVCLCStatusCodeView.swift */ = {isa = PBXFileReference; lastKnownFileType = sourcecode.swift; path = RVCLCStatusCodeView.swift; sourceTree = "<group>"; };
		054C8E702D37682100D120C9 /* UIColor+Extension.swift */ = {isa = PBXFileReference; lastKnownFileType = sourcecode.swift; path = "UIColor+Extension.swift"; sourceTree = "<group>"; };
		055EE49E2D39F4D10033D242 /* MonitorStatusResponseData.swift */ = {isa = PBXFileReference; lastKnownFileType = sourcecode.swift; path = MonitorStatusResponseData.swift; sourceTree = "<group>"; };
		055EE4A02D3A06540033D242 /* RVCInfoButtonView.swift */ = {isa = PBXFileReference; lastKnownFileType = sourcecode.swift; path = RVCInfoButtonView.swift; sourceTree = "<group>"; };
		055EE4A22D3A09260033D242 /* RVCDetailInfoViewController.swift */ = {isa = PBXFileReference; lastKnownFileType = sourcecode.swift; path = RVCDetailInfoViewController.swift; sourceTree = "<group>"; };
		055EE4A42D3A88730033D242 /* LeadingIconLabelView.swift */ = {isa = PBXFileReference; lastKnownFileType = sourcecode.swift; path = LeadingIconLabelView.swift; sourceTree = "<group>"; };
		05BA093B2D37EC120096F4FE /* RVCLCLinkView.swift */ = {isa = PBXFileReference; lastKnownFileType = sourcecode.swift; path = RVCLCLinkView.swift; sourceTree = "<group>"; };
		05BA093D2D37F1820096F4FE /* RVCLCStatusLabelView.swift */ = {isa = PBXFileReference; lastKnownFileType = sourcecode.swift; path = RVCLCStatusLabelView.swift; sourceTree = "<group>"; };
		05BA09402D37F5400096F4FE /* DateFormatterManager.swift */ = {isa = PBXFileReference; lastKnownFileType = sourcecode.swift; path = DateFormatterManager.swift; sourceTree = "<group>"; };
		05E5DAC62D30C7B00037F9A8 /* IsStillOnline.app */ = {isa = PBXFileReference; explicitFileType = wrapper.application; includeInIndex = 0; path = IsStillOnline.app; sourceTree = BUILT_PRODUCTS_DIR; };
		05E5DAC92D30C7B00037F9A8 /* AppDelegate.swift */ = {isa = PBXFileReference; lastKnownFileType = sourcecode.swift; path = AppDelegate.swift; sourceTree = "<group>"; };
		05E5DACB2D30C7B00037F9A8 /* SceneDelegate.swift */ = {isa = PBXFileReference; lastKnownFileType = sourcecode.swift; path = SceneDelegate.swift; sourceTree = "<group>"; };
		05E5DAD22D30C7B10037F9A8 /* Assets.xcassets */ = {isa = PBXFileReference; lastKnownFileType = folder.assetcatalog; path = Assets.xcassets; sourceTree = "<group>"; };
		05E5DAD72D30C7B10037F9A8 /* Info.plist */ = {isa = PBXFileReference; lastKnownFileType = text.plist.xml; path = Info.plist; sourceTree = "<group>"; };
		05E5DADF2D30CBE50037F9A8 /* LoginViewController.swift */ = {isa = PBXFileReference; lastKnownFileType = sourcecode.swift; path = LoginViewController.swift; sourceTree = "<group>"; };
		05E5DAE42D30D28F0037F9A8 /* ConstUrls.swift */ = {isa = PBXFileReference; lastKnownFileType = sourcecode.swift; path = ConstUrls.swift; sourceTree = "<group>"; };
		05E5DAE72D3148720037F9A8 /* APIManager.swift */ = {isa = PBXFileReference; lastKnownFileType = sourcecode.swift; path = APIManager.swift; sourceTree = "<group>"; };
		05E5DAEA2D314CBF0037F9A8 /* LoginResponseData.swift */ = {isa = PBXFileReference; lastKnownFileType = sourcecode.swift; path = LoginResponseData.swift; sourceTree = "<group>"; };
		05E5DAEC2D314E670037F9A8 /* APIResponseData.swift */ = {isa = PBXFileReference; lastKnownFileType = sourcecode.swift; path = APIResponseData.swift; sourceTree = "<group>"; };
		05E5DAEF2D3151B40037F9A8 /* LoginInputView.swift */ = {isa = PBXFileReference; lastKnownFileType = sourcecode.swift; path = LoginInputView.swift; sourceTree = "<group>"; };
		05E5DAF12D3159580037F9A8 /* LoginManager.swift */ = {isa = PBXFileReference; lastKnownFileType = sourcecode.swift; path = LoginManager.swift; sourceTree = "<group>"; };
		05E5DAF52D3406310037F9A8 /* TokenResponseData.swift */ = {isa = PBXFileReference; lastKnownFileType = sourcecode.swift; path = TokenResponseData.swift; sourceTree = "<group>"; };
		05E5DAF72D340BE80037F9A8 /* MonitorUrlsResponseData.swift */ = {isa = PBXFileReference; lastKnownFileType = sourcecode.swift; path = MonitorUrlsResponseData.swift; sourceTree = "<group>"; };
		05E5DAF92D349B960037F9A8 /* APIManager+Token.swift */ = {isa = PBXFileReference; lastKnownFileType = sourcecode.swift; path = "APIManager+Token.swift"; sourceTree = "<group>"; };
		05E5DAFC2D34B00E0037F9A8 /* String+Extension.swift */ = {isa = PBXFileReference; lastKnownFileType = sourcecode.swift; path = "String+Extension.swift"; sourceTree = "<group>"; };
/* End PBXFileReference section */

/* Begin PBXFrameworksBuildPhase section */
		05E5DAC32D30C7B00037F9A8 /* Frameworks */ = {
			isa = PBXFrameworksBuildPhase;
			buildActionMask = 2147483647;
			files = (
			);
			runOnlyForDeploymentPostprocessing = 0;
		};
/* End PBXFrameworksBuildPhase section */

/* Begin PBXGroup section */
		051792D82D3547700080AC2E /* Keychain */ = {
			isa = PBXGroup;
			children = (
				051792D92D3547820080AC2E /* KeychainManager.swift */,
			);
			path = Keychain;
			sourceTree = "<group>";
		};
		051792DD2D354B5E0080AC2E /* Root */ = {
			isa = PBXGroup;
			children = (
				051792E02D3556B90080AC2E /* Subviews */,
				051792DE2D354B6A0080AC2E /* RootViewController.swift */,
				054C8E622D369F9200D120C9 /* RootViewControllerManager.swift */,
			);
			path = Root;
			sourceTree = "<group>";
		};
		051792E02D3556B90080AC2E /* Subviews */ = {
			isa = PBXGroup;
			children = (
				054C8E6C2D37614500D120C9 /* RVCLinkCell */,
				051792E12D3556D20080AC2E /* RVCAddNewLinkView.swift */,
				054586AA2D38BA50008E15C3 /* RVCBottomViewController.swift */,
				055EE4A22D3A09260033D242 /* RVCDetailInfoViewController.swift */,
				055EE4A02D3A06540033D242 /* RVCInfoButtonView.swift */,
				054586AC2D394075008E15C3 /* RVCMonitorButton.swift */,
				051792E32D3559070080AC2E /* RVCNewUrlInputView.swift */,
			);
			path = Subviews;
			sourceTree = "<group>";
		};
		051792E72D360C980080AC2E /* Common */ = {
			isa = PBXGroup;
			children = (
				054C8E662D36AB9F00D120C9 /* BannerView.swift */,
				055EE4A42D3A88730033D242 /* LeadingIconLabelView.swift */,
				051792E82D360CA60080AC2E /* PaddedTextField.swift */,
			);
			path = Common;
			sourceTree = "<group>";
		};
		054C8E6C2D37614500D120C9 /* RVCLinkCell */ = {
			isa = PBXGroup;
			children = (
				054C8E6D2D37615300D120C9 /* Subviews */,
				054C8E6A2D375B7300D120C9 /* RVCLinkCell.swift */,
			);
			path = RVCLinkCell;
			sourceTree = "<group>";
		};
		054C8E6D2D37615300D120C9 /* Subviews */ = {
			isa = PBXGroup;
			children = (
				05BA093B2D37EC120096F4FE /* RVCLCLinkView.swift */,
				054C8E6E2D37616B00D120C9 /* RVCLCStatusCodeView.swift */,
				05BA093D2D37F1820096F4FE /* RVCLCStatusLabelView.swift */,
			);
			path = Subviews;
			sourceTree = "<group>";
		};
		05BA093F2D37F5320096F4FE /* Utility */ = {
			isa = PBXGroup;
			children = (
				05BA09402D37F5400096F4FE /* DateFormatterManager.swift */,
			);
			path = Utility;
			sourceTree = "<group>";
		};
		05E5DABD2D30C7B00037F9A8 = {
			isa = PBXGroup;
			children = (
				05E5DAC82D30C7B00037F9A8 /* IsStillOnline */,
				05E5DAC72D30C7B00037F9A8 /* Products */,
			);
			sourceTree = "<group>";
		};
		05E5DAC72D30C7B00037F9A8 /* Products */ = {
			isa = PBXGroup;
			children = (
				05E5DAC62D30C7B00037F9A8 /* IsStillOnline.app */,
			);
			name = Products;
			sourceTree = "<group>";
		};
		05E5DAC82D30C7B00037F9A8 /* IsStillOnline */ = {
			isa = PBXGroup;
			children = (
				05E5DAE62D3148540037F9A8 /* API */,
				05E5DADD2D30CBC30037F9A8 /* Account */,
				051792E72D360C980080AC2E /* Common */,
				05E5DAE12D30D1230037F9A8 /* Const */,
				05E5DAFB2D34AFF90037F9A8 /* Extension */,
				051792D82D3547700080AC2E /* Keychain */,
				051792DD2D354B5E0080AC2E /* Root */,
				05BA093F2D37F5320096F4FE /* Utility */,
				05E5DAC92D30C7B00037F9A8 /* AppDelegate.swift */,
				05E5DAD22D30C7B10037F9A8 /* Assets.xcassets */,
				05E5DAD72D30C7B10037F9A8 /* Info.plist */,
				05E5DACB2D30C7B00037F9A8 /* SceneDelegate.swift */,
			);
			path = IsStillOnline;
			sourceTree = "<group>";
		};
		05E5DADD2D30CBC30037F9A8 /* Account */ = {
			isa = PBXGroup;
			children = (
				05E5DADE2D30CBD90037F9A8 /* Login */,
			);
			path = Account;
			sourceTree = "<group>";
		};
		05E5DADE2D30CBD90037F9A8 /* Login */ = {
			isa = PBXGroup;
			children = (
				05E5DAEE2D3151760037F9A8 /* Subviews */,
				05E5DAF12D3159580037F9A8 /* LoginManager.swift */,
				05E5DADF2D30CBE50037F9A8 /* LoginViewController.swift */,
			);
			path = Login;
			sourceTree = "<group>";
		};
		05E5DAE12D30D1230037F9A8 /* Const */ = {
			isa = PBXGroup;
			children = (
				051792DB2D354A7B0080AC2E /* ConstKeychain.swift */,
				05E5DAE42D30D28F0037F9A8 /* ConstUrls.swift */,
			);
			path = Const;
			sourceTree = "<group>";
		};
		05E5DAE62D3148540037F9A8 /* API */ = {
			isa = PBXGroup;
			children = (
				05E5DAE92D314CAD0037F9A8 /* Data */,
				05E5DAF92D349B960037F9A8 /* APIManager+Token.swift */,
				05E5DAE72D3148720037F9A8 /* APIManager.swift */,
			);
			path = API;
			sourceTree = "<group>";
		};
		05E5DAE92D314CAD0037F9A8 /* Data */ = {
			isa = PBXGroup;
			children = (
				05E5DAEC2D314E670037F9A8 /* APIResponseData.swift */,
				054C8E642D36A32400D120C9 /* EmptyResponseData.swift */,
				05E5DAEA2D314CBF0037F9A8 /* LoginResponseData.swift */,
				055EE49E2D39F4D10033D242 /* MonitorStatusResponseData.swift */,
				05E5DAF72D340BE80037F9A8 /* MonitorUrlsResponseData.swift */,
				05E5DAF52D3406310037F9A8 /* TokenResponseData.swift */,
			);
			path = Data;
			sourceTree = "<group>";
		};
		05E5DAEE2D3151760037F9A8 /* Subviews */ = {
			isa = PBXGroup;
			children = (
				05E5DAEF2D3151B40037F9A8 /* LoginInputView.swift */,
			);
			path = Subviews;
			sourceTree = "<group>";
		};
		05E5DAFB2D34AFF90037F9A8 /* Extension */ = {
			isa = PBXGroup;
			children = (
				05E5DAFC2D34B00E0037F9A8 /* String+Extension.swift */,
				054C8E702D37682100D120C9 /* UIColor+Extension.swift */,
				054C8E682D36B0D800D120C9 /* UIViewController+Extension.swift */,
			);
			path = Extension;
			sourceTree = "<group>";
		};
/* End PBXGroup section */

/* Begin PBXNativeTarget section */
		05E5DAC52D30C7B00037F9A8 /* IsStillOnline */ = {
			isa = PBXNativeTarget;
			buildConfigurationList = 05E5DADA2D30C7B10037F9A8 /* Build configuration list for PBXNativeTarget "IsStillOnline" */;
			buildPhases = (
				05E5DAC22D30C7B00037F9A8 /* Sources */,
				05E5DAC32D30C7B00037F9A8 /* Frameworks */,
				05E5DAC42D30C7B00037F9A8 /* Resources */,
			);
			buildRules = (
			);
			dependencies = (
			);
			name = IsStillOnline;
			productName = IsStillOnline;
			productReference = 05E5DAC62D30C7B00037F9A8 /* IsStillOnline.app */;
			productType = "com.apple.product-type.application";
		};
/* End PBXNativeTarget section */

/* Begin PBXProject section */
		05E5DABE2D30C7B00037F9A8 /* Project object */ = {
			isa = PBXProject;
			attributes = {
				BuildIndependentTargetsInParallel = 1;
				LastSwiftUpdateCheck = 1520;
				LastUpgradeCheck = 1520;
				TargetAttributes = {
					05E5DAC52D30C7B00037F9A8 = {
						CreatedOnToolsVersion = 15.2;
					};
				};
			};
			buildConfigurationList = 05E5DAC12D30C7B00037F9A8 /* Build configuration list for PBXProject "IsStillOnline" */;
			compatibilityVersion = "Xcode 14.0";
			developmentRegion = en;
			hasScannedForEncodings = 0;
			knownRegions = (
				en,
				Base,
			);
			mainGroup = 05E5DABD2D30C7B00037F9A8;
			productRefGroup = 05E5DAC72D30C7B00037F9A8 /* Products */;
			projectDirPath = "";
			projectRoot = "";
			targets = (
				05E5DAC52D30C7B00037F9A8 /* IsStillOnline */,
			);
		};
/* End PBXProject section */

/* Begin PBXResourcesBuildPhase section */
		05E5DAC42D30C7B00037F9A8 /* Resources */ = {
			isa = PBXResourcesBuildPhase;
			buildActionMask = 2147483647;
			files = (
				05E5DAD32D30C7B10037F9A8 /* Assets.xcassets in Resources */,
			);
			runOnlyForDeploymentPostprocessing = 0;
		};
/* End PBXResourcesBuildPhase section */

/* Begin PBXSourcesBuildPhase section */
		05E5DAC22D30C7B00037F9A8 /* Sources */ = {
			isa = PBXSourcesBuildPhase;
			buildActionMask = 2147483647;
			files = (
				05E5DAFA2D349B960037F9A8 /* APIManager+Token.swift in Sources */,
				05E5DAE82D3148720037F9A8 /* APIManager.swift in Sources */,
				05E5DAED2D314E670037F9A8 /* APIResponseData.swift in Sources */,
				05E5DACA2D30C7B00037F9A8 /* AppDelegate.swift in Sources */,
				054C8E672D36AB9F00D120C9 /* BannerView.swift in Sources */,
				051792DC2D354A7B0080AC2E /* ConstKeychain.swift in Sources */,
				05E5DAE52D30D28F0037F9A8 /* ConstUrls.swift in Sources */,
				05BA09412D37F5400096F4FE /* DateFormatterManager.swift in Sources */,
				054C8E652D36A32400D120C9 /* EmptyResponseData.swift in Sources */,
				051792DA2D3547820080AC2E /* KeychainManager.swift in Sources */,
				055EE4A52D3A88730033D242 /* LeadingIconLabelView.swift in Sources */,
				05E5DAF02D3151B40037F9A8 /* LoginInputView.swift in Sources */,
				05E5DAF22D3159580037F9A8 /* LoginManager.swift in Sources */,
				05E5DAEB2D314CBF0037F9A8 /* LoginResponseData.swift in Sources */,
				05E5DAE02D30CBE50037F9A8 /* LoginViewController.swift in Sources */,
				055EE49F2D39F4D10033D242 /* MonitorStatusResponseData.swift in Sources */,
				05E5DAF82D340BE80037F9A8 /* MonitorUrlsResponseData.swift in Sources */,
				051792E92D360CA60080AC2E /* PaddedTextField.swift in Sources */,
				051792E22D3556D20080AC2E /* RVCAddNewLinkView.swift in Sources */,
				054586AB2D38BA50008E15C3 /* RVCBottomViewController.swift in Sources */,
				055EE4A32D3A09260033D242 /* RVCDetailInfoViewController.swift in Sources */,
				055EE4A12D3A06540033D242 /* RVCInfoButtonView.swift in Sources */,
				05BA093C2D37EC120096F4FE /* RVCLCLinkView.swift in Sources */,
				054C8E6F2D37616B00D120C9 /* RVCLCStatusCodeView.swift in Sources */,
				05BA093E2D37F1820096F4FE /* RVCLCStatusLabelView.swift in Sources */,
				054C8E6B2D375B7300D120C9 /* RVCLinkCell.swift in Sources */,
				054586AD2D394075008E15C3 /* RVCMonitorButton.swift in Sources */,
				051792E42D3559070080AC2E /* RVCNewUrlInputView.swift in Sources */,
				051792DF2D354B6A0080AC2E /* RootViewController.swift in Sources */,
				054C8E632D369F9200D120C9 /* RootViewControllerManager.swift in Sources */,
				05E5DACC2D30C7B00037F9A8 /* SceneDelegate.swift in Sources */,
				05E5DAFD2D34B00E0037F9A8 /* String+Extension.swift in Sources */,
				05E5DAF62D3406310037F9A8 /* TokenResponseData.swift in Sources */,
				054C8E712D37682100D120C9 /* UIColor+Extension.swift in Sources */,
				054C8E692D36B0D800D120C9 /* UIViewController+Extension.swift in Sources */,
			);
			runOnlyForDeploymentPostprocessing = 0;
		};
/* End PBXSourcesBuildPhase section */

/* Begin XCBuildConfiguration section */
		05E5DAD82D30C7B10037F9A8 /* Debug */ = {
			isa = XCBuildConfiguration;
			buildSettings = {
				ALWAYS_SEARCH_USER_PATHS = NO;
				ASSETCATALOG_COMPILER_GENERATE_SWIFT_ASSET_SYMBOL_EXTENSIONS = YES;
				CLANG_ANALYZER_NONNULL = YES;
				CLANG_ANALYZER_NUMBER_OBJECT_CONVERSION = YES_AGGRESSIVE;
				CLANG_CXX_LANGUAGE_STANDARD = "gnu++20";
				CLANG_ENABLE_MODULES = YES;
				CLANG_ENABLE_OBJC_ARC = YES;
				CLANG_ENABLE_OBJC_WEAK = YES;
				CLANG_WARN_BLOCK_CAPTURE_AUTORELEASING = YES;
				CLANG_WARN_BOOL_CONVERSION = YES;
				CLANG_WARN_COMMA = YES;
				CLANG_WARN_CONSTANT_CONVERSION = YES;
				CLANG_WARN_DEPRECATED_OBJC_IMPLEMENTATIONS = YES;
				CLANG_WARN_DIRECT_OBJC_ISA_USAGE = YES_ERROR;
				CLANG_WARN_DOCUMENTATION_COMMENTS = YES;
				CLANG_WARN_EMPTY_BODY = YES;
				CLANG_WARN_ENUM_CONVERSION = YES;
				CLANG_WARN_INFINITE_RECURSION = YES;
				CLANG_WARN_INT_CONVERSION = YES;
				CLANG_WARN_NON_LITERAL_NULL_CONVERSION = YES;
				CLANG_WARN_OBJC_IMPLICIT_RETAIN_SELF = YES;
				CLANG_WARN_OBJC_LITERAL_CONVERSION = YES;
				CLANG_WARN_OBJC_ROOT_CLASS = YES_ERROR;
				CLANG_WARN_QUOTED_INCLUDE_IN_FRAMEWORK_HEADER = YES;
				CLANG_WARN_RANGE_LOOP_ANALYSIS = YES;
				CLANG_WARN_STRICT_PROTOTYPES = YES;
				CLANG_WARN_SUSPICIOUS_MOVE = YES;
				CLANG_WARN_UNGUARDED_AVAILABILITY = YES_AGGRESSIVE;
				CLANG_WARN_UNREACHABLE_CODE = YES;
				CLANG_WARN__DUPLICATE_METHOD_MATCH = YES;
				COPY_PHASE_STRIP = NO;
				DEBUG_INFORMATION_FORMAT = dwarf;
				ENABLE_STRICT_OBJC_MSGSEND = YES;
				ENABLE_TESTABILITY = YES;
				ENABLE_USER_SCRIPT_SANDBOXING = YES;
				GCC_C_LANGUAGE_STANDARD = gnu17;
				GCC_DYNAMIC_NO_PIC = NO;
				GCC_NO_COMMON_BLOCKS = YES;
				GCC_OPTIMIZATION_LEVEL = 0;
				GCC_PREPROCESSOR_DEFINITIONS = (
					"DEBUG=1",
					"$(inherited)",
				);
				GCC_WARN_64_TO_32_BIT_CONVERSION = YES;
				GCC_WARN_ABOUT_RETURN_TYPE = YES_ERROR;
				GCC_WARN_UNDECLARED_SELECTOR = YES;
				GCC_WARN_UNINITIALIZED_AUTOS = YES_AGGRESSIVE;
				GCC_WARN_UNUSED_FUNCTION = YES;
				GCC_WARN_UNUSED_VARIABLE = YES;
				IPHONEOS_DEPLOYMENT_TARGET = 17.2;
				LOCALIZATION_PREFERS_STRING_CATALOGS = YES;
				MTL_ENABLE_DEBUG_INFO = INCLUDE_SOURCE;
				MTL_FAST_MATH = YES;
				ONLY_ACTIVE_ARCH = YES;
				SDKROOT = iphoneos;
				SWIFT_ACTIVE_COMPILATION_CONDITIONS = "DEBUG $(inherited)";
				SWIFT_OPTIMIZATION_LEVEL = "-Onone";
			};
			name = Debug;
		};
		05E5DAD92D30C7B10037F9A8 /* Release */ = {
			isa = XCBuildConfiguration;
			buildSettings = {
				ALWAYS_SEARCH_USER_PATHS = NO;
				ASSETCATALOG_COMPILER_GENERATE_SWIFT_ASSET_SYMBOL_EXTENSIONS = YES;
				CLANG_ANALYZER_NONNULL = YES;
				CLANG_ANALYZER_NUMBER_OBJECT_CONVERSION = YES_AGGRESSIVE;
				CLANG_CXX_LANGUAGE_STANDARD = "gnu++20";
				CLANG_ENABLE_MODULES = YES;
				CLANG_ENABLE_OBJC_ARC = YES;
				CLANG_ENABLE_OBJC_WEAK = YES;
				CLANG_WARN_BLOCK_CAPTURE_AUTORELEASING = YES;
				CLANG_WARN_BOOL_CONVERSION = YES;
				CLANG_WARN_COMMA = YES;
				CLANG_WARN_CONSTANT_CONVERSION = YES;
				CLANG_WARN_DEPRECATED_OBJC_IMPLEMENTATIONS = YES;
				CLANG_WARN_DIRECT_OBJC_ISA_USAGE = YES_ERROR;
				CLANG_WARN_DOCUMENTATION_COMMENTS = YES;
				CLANG_WARN_EMPTY_BODY = YES;
				CLANG_WARN_ENUM_CONVERSION = YES;
				CLANG_WARN_INFINITE_RECURSION = YES;
				CLANG_WARN_INT_CONVERSION = YES;
				CLANG_WARN_NON_LITERAL_NULL_CONVERSION = YES;
				CLANG_WARN_OBJC_IMPLICIT_RETAIN_SELF = YES;
				CLANG_WARN_OBJC_LITERAL_CONVERSION = YES;
				CLANG_WARN_OBJC_ROOT_CLASS = YES_ERROR;
				CLANG_WARN_QUOTED_INCLUDE_IN_FRAMEWORK_HEADER = YES;
				CLANG_WARN_RANGE_LOOP_ANALYSIS = YES;
				CLANG_WARN_STRICT_PROTOTYPES = YES;
				CLANG_WARN_SUSPICIOUS_MOVE = YES;
				CLANG_WARN_UNGUARDED_AVAILABILITY = YES_AGGRESSIVE;
				CLANG_WARN_UNREACHABLE_CODE = YES;
				CLANG_WARN__DUPLICATE_METHOD_MATCH = YES;
				COPY_PHASE_STRIP = NO;
				DEBUG_INFORMATION_FORMAT = "dwarf-with-dsym";
				ENABLE_NS_ASSERTIONS = NO;
				ENABLE_STRICT_OBJC_MSGSEND = YES;
				ENABLE_USER_SCRIPT_SANDBOXING = YES;
				GCC_C_LANGUAGE_STANDARD = gnu17;
				GCC_NO_COMMON_BLOCKS = YES;
				GCC_WARN_64_TO_32_BIT_CONVERSION = YES;
				GCC_WARN_ABOUT_RETURN_TYPE = YES_ERROR;
				GCC_WARN_UNDECLARED_SELECTOR = YES;
				GCC_WARN_UNINITIALIZED_AUTOS = YES_AGGRESSIVE;
				GCC_WARN_UNUSED_FUNCTION = YES;
				GCC_WARN_UNUSED_VARIABLE = YES;
				IPHONEOS_DEPLOYMENT_TARGET = 17.2;
				LOCALIZATION_PREFERS_STRING_CATALOGS = YES;
				MTL_ENABLE_DEBUG_INFO = NO;
				MTL_FAST_MATH = YES;
				SDKROOT = iphoneos;
				SWIFT_COMPILATION_MODE = wholemodule;
				VALIDATE_PRODUCT = YES;
			};
			name = Release;
		};
		05E5DADB2D30C7B10037F9A8 /* Debug */ = {
			isa = XCBuildConfiguration;
			buildSettings = {
				ASSETCATALOG_COMPILER_APPICON_NAME = AppIcon;
				ASSETCATALOG_COMPILER_GLOBAL_ACCENT_COLOR_NAME = AccentColor;
				CODE_SIGN_STYLE = Automatic;
				CURRENT_PROJECT_VERSION = 1;
				DEVELOPMENT_TEAM = L4D6WNQFVL;
				GENERATE_INFOPLIST_FILE = YES;
				INFOPLIST_FILE = IsStillOnline/Info.plist;
				INFOPLIST_KEY_CFBundleDisplayName = "Is Still Online";
				INFOPLIST_KEY_LSApplicationCategoryType = "public.app-category.utilities";
				INFOPLIST_KEY_UIApplicationSupportsIndirectInputEvents = YES;
				INFOPLIST_KEY_UILaunchStoryboardName = LaunchScreen;
				INFOPLIST_KEY_UIMainStoryboardFile = "";
				INFOPLIST_KEY_UISupportedInterfaceOrientations = UIInterfaceOrientationPortrait;
				IPHONEOS_DEPLOYMENT_TARGET = 16.0;
				LD_RUNPATH_SEARCH_PATHS = (
					"$(inherited)",
					"@executable_path/Frameworks",
				);
				MARKETING_VERSION = 0.0.1;
				PRODUCT_BUNDLE_IDENTIFIER = com.hungyen.IsStillOnline;
				PRODUCT_NAME = "$(TARGET_NAME)";
				SUPPORTED_PLATFORMS = "iphoneos iphonesimulator";
				SUPPORTS_MACCATALYST = NO;
				SUPPORTS_MAC_DESIGNED_FOR_IPHONE_IPAD = NO;
				SUPPORTS_XR_DESIGNED_FOR_IPHONE_IPAD = NO;
				SWIFT_EMIT_LOC_STRINGS = YES;
				SWIFT_VERSION = 5.0;
				TARGETED_DEVICE_FAMILY = "1,2";
			};
			name = Debug;
		};
		05E5DADC2D30C7B10037F9A8 /* Release */ = {
			isa = XCBuildConfiguration;
			buildSettings = {
				ASSETCATALOG_COMPILER_APPICON_NAME = AppIcon;
				ASSETCATALOG_COMPILER_GLOBAL_ACCENT_COLOR_NAME = AccentColor;
				CODE_SIGN_STYLE = Automatic;
				CURRENT_PROJECT_VERSION = 1;
				DEVELOPMENT_TEAM = L4D6WNQFVL;
				GENERATE_INFOPLIST_FILE = YES;
				INFOPLIST_FILE = IsStillOnline/Info.plist;
				INFOPLIST_KEY_CFBundleDisplayName = "Is Still Online";
				INFOPLIST_KEY_LSApplicationCategoryType = "public.app-category.utilities";
				INFOPLIST_KEY_UIApplicationSupportsIndirectInputEvents = YES;
				INFOPLIST_KEY_UILaunchStoryboardName = LaunchScreen;
				INFOPLIST_KEY_UIMainStoryboardFile = "";
				INFOPLIST_KEY_UISupportedInterfaceOrientations = UIInterfaceOrientationPortrait;
				IPHONEOS_DEPLOYMENT_TARGET = 16.0;
				LD_RUNPATH_SEARCH_PATHS = (
					"$(inherited)",
					"@executable_path/Frameworks",
				);
				MARKETING_VERSION = 0.0.1;
				PRODUCT_BUNDLE_IDENTIFIER = com.hungyen.IsStillOnline;
				PRODUCT_NAME = "$(TARGET_NAME)";
				SUPPORTED_PLATFORMS = "iphoneos iphonesimulator";
				SUPPORTS_MACCATALYST = NO;
				SUPPORTS_MAC_DESIGNED_FOR_IPHONE_IPAD = NO;
				SUPPORTS_XR_DESIGNED_FOR_IPHONE_IPAD = NO;
				SWIFT_EMIT_LOC_STRINGS = YES;
				SWIFT_VERSION = 5.0;
				TARGETED_DEVICE_FAMILY = "1,2";
			};
			name = Release;
		};
/* End XCBuildConfiguration section */

/* Begin XCConfigurationList section */
		05E5DAC12D30C7B00037F9A8 /* Build configuration list for PBXProject "IsStillOnline" */ = {
			isa = XCConfigurationList;
			buildConfigurations = (
				05E5DAD82D30C7B10037F9A8 /* Debug */,
				05E5DAD92D30C7B10037F9A8 /* Release */,
			);
			defaultConfigurationIsVisible = 0;
			defaultConfigurationName = Release;
		};
		05E5DADA2D30C7B10037F9A8 /* Build configuration list for PBXNativeTarget "IsStillOnline" */ = {
			isa = XCConfigurationList;
			buildConfigurations = (
				05E5DADB2D30C7B10037F9A8 /* Debug */,
				05E5DADC2D30C7B10037F9A8 /* Release */,
			);
			defaultConfigurationIsVisible = 0;
			defaultConfigurationName = Release;
		};
/* End XCConfigurationList section */
	};
	rootObject = 05E5DABE2D30C7B00037F9A8 /* Project object */;
}
